# This file was autogenerated by Stack.
# You should not edit this file by hand.
# For more information, please see the documentation at:
#   https://docs.haskellstack.org/en/stable/lock_files

packages:
- completed:
    hackage: forsyde-shallow-3.5.0.0@sha256:6746d7f6173c8c7b212d7ef0ecb0a4efad8ef9399073707701973c1e5c118f9c,4377
    pantry-tree:
      size: 2600
      sha256: c835743c8422e2619caeaf824f0c0bdd3d66156822798a7ba54e2a704f18475c
  original:
    hackage: forsyde-shallow-3.5.0.0
- completed:
    name: haskell-quaternion
    version: 0.1.0.0
    git: https://github.com/ricardobonna/haskell-quaternion
    pantry-tree:
      size: 367
      sha256: 261d1cbbc968a39839324547df8a9a1eb64be45d92106ce7b5a26d58b8630186
    commit: 42ea163e1997b646221e1d292c0b1e461903ab69
  original:
    git: https://github.com/ricardobonna/haskell-quaternion
    commit: 42ea163e1997b646221e1d292c0b1e461903ab69
snapshots:
- completed:
    size: 567677
    url: https://raw.githubusercontent.com/commercialhaskell/stackage-snapshots/master/lts/17/14.yaml
    sha256: 3740f22286bf5e6e3d82f88125e1c708b6e27847211f956b530aa5d83cf39383
  original: lts-17.14
